Microsoft Visual Studio Solution File, Format Version 12.00
# Visual Studio Version 17
VisualStudioVersion = 17.5.2.0
MinimumVisualStudioVersion = 10.0.40219.1
Project("{FAE04EC0-301F-11D3-BF4B-00C04F79EFBC}") = "screenSounds", "screenSounds.csproj", "{14335DDC-A4B1-025C-F002-AA2C19782B1F}"
EndProject
Global
	GlobalSection(SolutionConfigurationPlatforms) = preSolution
		Debug|Any CPU = Debug|Any CPU
		Release|Any CPU = Release|Any CPU
	EndGlobalSection
	GlobalSection(ProjectConfigurationPlatforms) = postSolution
		{14335DDC-A4B1-025C-F002-AA2C19782B1F}.Debug|Any CPU.ActiveCfg = Debug|Any CPU
		{14335DDC-A4B1-025C-F002-AA2C19782B1F}.Debug|Any CPU.Build.0 = Debug|Any CPU
		{14335DDC-A4B1-025C-F002-AA2C19782B1F}.Release|Any CPU.ActiveCfg = Release|Any CPU
		{14335DDC-A4B1-025C-F002-AA2C19782B1F}.Release|Any CPU.Build.0 = Release|Any CPU
	EndGlobalSection
	GlobalSection(SolutionProperties) = preSolution
		HideSolutionNode = FALSE
	EndGlobalSection
	GlobalSection(ExtensibilityGlobals) = postSolution
		SolutionGuid = {481A0DBA-E850-49F2-826C-7045C240B94E}
	EndGlobalSection
EndGlobal
